{
  "requires": true,
  "lockfileVersion": 1,
  "dependencies": {
    "@progress/kendo-theme-default": {
      "version": "2.47.8",
      "resolved": "https://registry.npmjs.org/@progress/kendo-theme-default/-/kendo-theme-default-2.47.8.tgz",
      "integrity": "sha512-+HzS/hT6YuVH4uhM0+OaZ1qFhb8E9COyzCqtEbv5EM+nJAqgDLsuB9zPEHLgQwWWSTRomowWXRmIuLFYcpPquA=="
    }
  }
}
